
Microsoft Visual Studio Solution File, Format Version 12.00
# Visual Studio Version 16
VisualStudioVersion = 16.0.30320.27
MinimumVisualStudioVersion = 10.0.40219.1
Project("{FAE04EC0-301F-11D3-BF4B-00C04F79EFBC}") = "ObjectStorageExplorer", "ObjectStorageExplorer\ObjectStorageExplorer.csproj", "{80C82B5B-00D6-4A40-8775-EA1A29303498}"
EndProject
Project("{FAE04EC0-301F-11D3-BF4B-00C04F79EFBC}") = "OCISDK", "OCISDK\OCISDK\OCISDK.csproj", "{F8884076-BD84-4E1E-8C8A-B625B46E2ABC}"
EndProject
Project("{FAE04EC0-301F-11D3-BF4B-00C04F79EFBC}") = "OCISDK.Test", "OCISDK\OCISDK.Test\OCISDK.Test.csproj", "{0563EA94-7F6B-4EDB-938D-FC67CD32BA6F}"
EndProject
Global
	GlobalSection(SolutionConfigurationPlatforms) = preSolution
		Debug|Any CPU = Debug|Any CPU
		Release|Any CPU = Release|Any CPU
	EndGlobalSection
	GlobalSection(ProjectConfigurationPlatforms) = postSolution
		{80C82B5B-00D6-4A40-8775-EA1A29303498}.Debug|Any CPU.ActiveCfg = Debug|Any CPU
		{80C82B5B-00D6-4A40-8775-EA1A29303498}.Debug|Any CPU.Build.0 = Debug|Any CPU
		{80C82B5B-00D6-4A40-8775-EA1A29303498}.Release|Any CPU.ActiveCfg = Release|Any CPU
		{80C82B5B-00D6-4A40-8775-EA1A29303498}.Release|Any CPU.Build.0 = Release|Any CPU
		{F8884076-BD84-4E1E-8C8A-B625B46E2ABC}.Debug|Any CPU.ActiveCfg = Debug|Any CPU
		{F8884076-BD84-4E1E-8C8A-B625B46E2ABC}.Debug|Any CPU.Build.0 = Debug|Any CPU
		{F8884076-BD84-4E1E-8C8A-B625B46E2ABC}.Release|Any CPU.ActiveCfg = Release|Any CPU
		{F8884076-BD84-4E1E-8C8A-B625B46E2ABC}.Release|Any CPU.Build.0 = Release|Any CPU
		{0563EA94-7F6B-4EDB-938D-FC67CD32BA6F}.Debug|Any CPU.ActiveCfg = Debug|Any CPU
		{0563EA94-7F6B-4EDB-938D-FC67CD32BA6F}.Debug|Any CPU.Build.0 = Debug|Any CPU
		{0563EA94-7F6B-4EDB-938D-FC67CD32BA6F}.Release|Any CPU.ActiveCfg = Release|Any CPU
		{0563EA94-7F6B-4EDB-938D-FC67CD32BA6F}.Release|Any CPU.Build.0 = Release|Any CPU
	EndGlobalSection
	GlobalSection(SolutionProperties) = preSolution
		HideSolutionNode = FALSE
	EndGlobalSection
	GlobalSection(ExtensibilityGlobals) = postSolution
		SolutionGuid = {E512D9DA-E01A-4F4D-98E6-78EB119F94B8}
	EndGlobalSection
EndGlobal
